
Microsoft Visual Studio Solution File, Format Version 12.00
# Visual Studio Version 17
VisualStudioVersion = 17.13.35931.197 d17.13
MinimumVisualStudioVersion = 10.0.40219.1
Project("{FAE04EC0-301F-11D3-BF4B-00C04F79EFBC}") = "FinCore.Domain", "FinCore.Domain\FinCore.Domain.csproj", "{B254D35F-17F4-4AFA-BA04-C46F53884094}"
EndProject
Project("{FAE04EC0-301F-11D3-BF4B-00C04F79EFBC}") = "FinCore.Infra", "FinCore.Infra\FinCore.Infra.csproj", "{AE6FCCC3-01EF-4A9F-95F8-DCBBEDB00F2E}"
EndProject
Project("{FAE04EC0-301F-11D3-BF4B-00C04F79EFBC}") = "FinCore.Api", "FinCore.Api\FinCore.Api.csproj", "{D9987739-2679-4E97-8FE1-B8DB4AD02791}"
EndProject
Global
	GlobalSection(SolutionConfigurationPlatforms) = preSolution
		Debug|Any CPU = Debug|Any CPU
		Release|Any CPU = Release|Any CPU
	EndGlobalSection
	GlobalSection(ProjectConfigurationPlatforms) = postSolution
		{B254D35F-17F4-4AFA-BA04-C46F53884094}.Debug|Any CPU.ActiveCfg = Debug|Any CPU
		{B254D35F-17F4-4AFA-BA04-C46F53884094}.Debug|Any CPU.Build.0 = Debug|Any CPU
		{B254D35F-17F4-4AFA-BA04-C46F53884094}.Release|Any CPU.ActiveCfg = Release|Any CPU
		{B254D35F-17F4-4AFA-BA04-C46F53884094}.Release|Any CPU.Build.0 = Release|Any CPU
		{AE6FCCC3-01EF-4A9F-95F8-DCBBEDB00F2E}.Debug|Any CPU.ActiveCfg = Debug|Any CPU
		{AE6FCCC3-01EF-4A9F-95F8-DCBBEDB00F2E}.Debug|Any CPU.Build.0 = Debug|Any CPU
		{AE6FCCC3-01EF-4A9F-95F8-DCBBEDB00F2E}.Release|Any CPU.ActiveCfg = Release|Any CPU
		{AE6FCCC3-01EF-4A9F-95F8-DCBBEDB00F2E}.Release|Any CPU.Build.0 = Release|Any CPU
		{D9987739-2679-4E97-8FE1-B8DB4AD02791}.Debug|Any CPU.ActiveCfg = Debug|Any CPU
		{D9987739-2679-4E97-8FE1-B8DB4AD02791}.Debug|Any CPU.Build.0 = Debug|Any CPU
		{D9987739-2679-4E97-8FE1-B8DB4AD02791}.Release|Any CPU.ActiveCfg = Release|Any CPU
		{D9987739-2679-4E97-8FE1-B8DB4AD02791}.Release|Any CPU.Build.0 = Release|Any CPU
	EndGlobalSection
	GlobalSection(SolutionProperties) = preSolution
		HideSolutionNode = FALSE
	EndGlobalSection
	GlobalSection(ExtensibilityGlobals) = postSolution
		SolutionGuid = {99AA08A4-61E4-466A-9C0D-87A80F54CA07}
	EndGlobalSection
EndGlobal
